
Microsoft Visual Studio Solution File, Format Version 12.00
# Visual Studio Version 16
VisualStudioVersion = 16.0.30114.105
MinimumVisualStudioVersion = 10.0.40219.1
Project("{2150E333-8FDC-42A3-9474-1A3956D46DE8}") = "src", "src", "{A02B311C-28E1-469F-8646-C76B459E074B}"
EndProject
Project("{FAE04EC0-301F-11D3-BF4B-00C04F79EFBC}") = "Frontend", "src\Frontend\Frontend.csproj", "{84761F60-37B8-4949-947B-6204CE1EC62F}"
EndProject
Project("{FAE04EC0-301F-11D3-BF4B-00C04F79EFBC}") = "Ingredients.Data", "src\Ingredients.Data\Ingredients.Data.csproj", "{2A613147-2A62-44D9-8296-5283C03B712F}"
EndProject
Project("{FAE04EC0-301F-11D3-BF4B-00C04F79EFBC}") = "Orders.PubSub", "src\Orders.PubSub\Orders.PubSub.csproj", "{5C1CB20B-599A-4EC2-90BE-F3C7D2B22DA1}"
EndProject
Project("{FAE04EC0-301F-11D3-BF4B-00C04F79EFBC}") = "AuthHelp", "src\AuthHelp\AuthHelp.csproj", "{B706D697-7DAD-4EC6-9D0A-0F89FB8DD266}"
EndProject
Project("{FAE04EC0-301F-11D3-BF4B-00C04F79EFBC}") = "Ingredients", "src\Ingredients\Ingredients.csproj", "{C1154F4A-2379-4DD1-B1C2-59194EE20C50}"
EndProject
Project("{2150E333-8FDC-42A3-9474-1A3956D46DE8}") = "test", "test", "{EB060ABB-43E6-42CD-858D-2A25A60EAD2E}"
EndProject
Project("{FAE04EC0-301F-11D3-BF4B-00C04F79EFBC}") = "Ingredients.Tests", "test\Ingredients.Tests\Ingredients.Tests.csproj", "{BFCA35D3-144F-48C6-B07A-D9946FC213E3}"
EndProject
Global
	GlobalSection(SolutionConfigurationPlatforms) = preSolution
		Debug|Any CPU = Debug|Any CPU
		Release|Any CPU = Release|Any CPU
	EndGlobalSection
	GlobalSection(SolutionProperties) = preSolution
		HideSolutionNode = FALSE
	EndGlobalSection
	GlobalSection(ProjectConfigurationPlatforms) = postSolution
		{84761F60-37B8-4949-947B-6204CE1EC62F}.Debug|Any CPU.ActiveCfg = Debug|Any CPU
		{84761F60-37B8-4949-947B-6204CE1EC62F}.Debug|Any CPU.Build.0 = Debug|Any CPU
		{84761F60-37B8-4949-947B-6204CE1EC62F}.Release|Any CPU.ActiveCfg = Release|Any CPU
		{84761F60-37B8-4949-947B-6204CE1EC62F}.Release|Any CPU.Build.0 = Release|Any CPU
		{2A613147-2A62-44D9-8296-5283C03B712F}.Debug|Any CPU.ActiveCfg = Debug|Any CPU
		{2A613147-2A62-44D9-8296-5283C03B712F}.Debug|Any CPU.Build.0 = Debug|Any CPU
		{2A613147-2A62-44D9-8296-5283C03B712F}.Release|Any CPU.ActiveCfg = Release|Any CPU
		{2A613147-2A62-44D9-8296-5283C03B712F}.Release|Any CPU.Build.0 = Release|Any CPU
		{5C1CB20B-599A-4EC2-90BE-F3C7D2B22DA1}.Debug|Any CPU.ActiveCfg = Debug|Any CPU
		{5C1CB20B-599A-4EC2-90BE-F3C7D2B22DA1}.Debug|Any CPU.Build.0 = Debug|Any CPU
		{5C1CB20B-599A-4EC2-90BE-F3C7D2B22DA1}.Release|Any CPU.ActiveCfg = Release|Any CPU
		{5C1CB20B-599A-4EC2-90BE-F3C7D2B22DA1}.Release|Any CPU.Build.0 = Release|Any CPU
		{B706D697-7DAD-4EC6-9D0A-0F89FB8DD266}.Debug|Any CPU.ActiveCfg = Debug|Any CPU
		{B706D697-7DAD-4EC6-9D0A-0F89FB8DD266}.Debug|Any CPU.Build.0 = Debug|Any CPU
		{B706D697-7DAD-4EC6-9D0A-0F89FB8DD266}.Release|Any CPU.ActiveCfg = Release|Any CPU
		{B706D697-7DAD-4EC6-9D0A-0F89FB8DD266}.Release|Any CPU.Build.0 = Release|Any CPU
		{C1154F4A-2379-4DD1-B1C2-59194EE20C50}.Debug|Any CPU.ActiveCfg = Debug|Any CPU
		{C1154F4A-2379-4DD1-B1C2-59194EE20C50}.Debug|Any CPU.Build.0 = Debug|Any CPU
		{C1154F4A-2379-4DD1-B1C2-59194EE20C50}.Release|Any CPU.ActiveCfg = Release|Any CPU
		{C1154F4A-2379-4DD1-B1C2-59194EE20C50}.Release|Any CPU.Build.0 = Release|Any CPU
		{BFCA35D3-144F-48C6-B07A-D9946FC213E3}.Debug|Any CPU.ActiveCfg = Debug|Any CPU
		{BFCA35D3-144F-48C6-B07A-D9946FC213E3}.Debug|Any CPU.Build.0 = Debug|Any CPU
		{BFCA35D3-144F-48C6-B07A-D9946FC213E3}.Release|Any CPU.ActiveCfg = Release|Any CPU
		{BFCA35D3-144F-48C6-B07A-D9946FC213E3}.Release|Any CPU.Build.0 = Release|Any CPU
	EndGlobalSection
	GlobalSection(NestedProjects) = preSolution
		{84761F60-37B8-4949-947B-6204CE1EC62F} = {A02B311C-28E1-469F-8646-C76B459E074B}
		{2A613147-2A62-44D9-8296-5283C03B712F} = {A02B311C-28E1-469F-8646-C76B459E074B}
		{5C1CB20B-599A-4EC2-90BE-F3C7D2B22DA1} = {A02B311C-28E1-469F-8646-C76B459E074B}
		{B706D697-7DAD-4EC6-9D0A-0F89FB8DD266} = {A02B311C-28E1-469F-8646-C76B459E074B}
		{C1154F4A-2379-4DD1-B1C2-59194EE20C50} = {A02B311C-28E1-469F-8646-C76B459E074B}
		{BFCA35D3-144F-48C6-B07A-D9946FC213E3} = {EB060ABB-43E6-42CD-858D-2A25A60EAD2E}
	EndGlobalSection
EndGlobal
